
Microsoft Visual Studio Solution File, Format Version 12.00
# Visual Studio Version 17
VisualStudioVersion = 17.0.31903.59
MinimumVisualStudioVersion = 10.0.40219.1
Project("{FAE04EC0-301F-11D3-BF4B-00C04F79EFBC}") = "MyApp.Web", "MyApp.Web\MyApp.Web.csproj", "{02BA63A1-F2F6-47E8-9401-23EB5C7C15E8}"
EndProject
Project("{FAE04EC0-301F-11D3-BF4B-00C04F79EFBC}") = "MyApp.Application", "MyApp.Application\MyApp.Application.csproj", "{6F199105-2765-4BEF-9739-5A9BF2D4FE6E}"
EndProject
Project("{FAE04EC0-301F-11D3-BF4B-00C04F79EFBC}") = "MyApp.Infrastructure", "MyApp.Infrastructure\MyApp.Infrastructure.csproj", "{E4D7380A-F7A3-46DB-A63F-93840930BF32}"
EndProject
Project("{FAE04EC0-301F-11D3-BF4B-00C04F79EFBC}") = "MyApp.Domain", "MyApp.Domain\MyApp.Domain.csproj", "{720E064B-6731-41BD-9B26-A4E15637FD56}"
EndProject
Global
	GlobalSection(SolutionConfigurationPlatforms) = preSolution
		Debug|Any CPU = Debug|Any CPU
		Debug|x64 = Debug|x64
		Debug|x86 = Debug|x86
		Release|Any CPU = Release|Any CPU
		Release|x64 = Release|x64
		Release|x86 = Release|x86
	EndGlobalSection
	GlobalSection(ProjectConfigurationPlatforms) = postSolution
		{02BA63A1-F2F6-47E8-9401-23EB5C7C15E8}.Debug|Any CPU.ActiveCfg = Debug|Any CPU
		{02BA63A1-F2F6-47E8-9401-23EB5C7C15E8}.Debug|Any CPU.Build.0 = Debug|Any CPU
		{02BA63A1-F2F6-47E8-9401-23EB5C7C15E8}.Debug|x64.ActiveCfg = Debug|Any CPU
		{02BA63A1-F2F6-47E8-9401-23EB5C7C15E8}.Debug|x64.Build.0 = Debug|Any CPU
		{02BA63A1-F2F6-47E8-9401-23EB5C7C15E8}.Debug|x86.ActiveCfg = Debug|Any CPU
		{02BA63A1-F2F6-47E8-9401-23EB5C7C15E8}.Debug|x86.Build.0 = Debug|Any CPU
		{02BA63A1-F2F6-47E8-9401-23EB5C7C15E8}.Release|Any CPU.ActiveCfg = Release|Any CPU
		{02BA63A1-F2F6-47E8-9401-23EB5C7C15E8}.Release|Any CPU.Build.0 = Release|Any CPU
		{02BA63A1-F2F6-47E8-9401-23EB5C7C15E8}.Release|x64.ActiveCfg = Release|Any CPU
		{02BA63A1-F2F6-47E8-9401-23EB5C7C15E8}.Release|x64.Build.0 = Release|Any CPU
		{02BA63A1-F2F6-47E8-9401-23EB5C7C15E8}.Release|x86.ActiveCfg = Release|Any CPU
		{02BA63A1-F2F6-47E8-9401-23EB5C7C15E8}.Release|x86.Build.0 = Release|Any CPU
		{6F199105-2765-4BEF-9739-5A9BF2D4FE6E}.Debug|Any CPU.ActiveCfg = Debug|Any CPU
		{6F199105-2765-4BEF-9739-5A9BF2D4FE6E}.Debug|Any CPU.Build.0 = Debug|Any CPU
		{6F199105-2765-4BEF-9739-5A9BF2D4FE6E}.Debug|x64.ActiveCfg = Debug|Any CPU
		{6F199105-2765-4BEF-9739-5A9BF2D4FE6E}.Debug|x64.Build.0 = Debug|Any CPU
		{6F199105-2765-4BEF-9739-5A9BF2D4FE6E}.Debug|x86.ActiveCfg = Debug|Any CPU
		{6F199105-2765-4BEF-9739-5A9BF2D4FE6E}.Debug|x86.Build.0 = Debug|Any CPU
		{6F199105-2765-4BEF-9739-5A9BF2D4FE6E}.Release|Any CPU.ActiveCfg = Release|Any CPU
		{6F199105-2765-4BEF-9739-5A9BF2D4FE6E}.Release|Any CPU.Build.0 = Release|Any CPU
		{6F199105-2765-4BEF-9739-5A9BF2D4FE6E}.Release|x64.ActiveCfg = Release|Any CPU
		{6F199105-2765-4BEF-9739-5A9BF2D4FE6E}.Release|x64.Build.0 = Release|Any CPU
		{6F199105-2765-4BEF-9739-5A9BF2D4FE6E}.Release|x86.ActiveCfg = Release|Any CPU
		{6F199105-2765-4BEF-9739-5A9BF2D4FE6E}.Release|x86.Build.0 = Release|Any CPU
		{E4D7380A-F7A3-46DB-A63F-93840930BF32}.Debug|Any CPU.ActiveCfg = Debug|Any CPU
		{E4D7380A-F7A3-46DB-A63F-93840930BF32}.Debug|Any CPU.Build.0 = Debug|Any CPU
		{E4D7380A-F7A3-46DB-A63F-93840930BF32}.Debug|x64.ActiveCfg = Debug|Any CPU
		{E4D7380A-F7A3-46DB-A63F-93840930BF32}.Debug|x64.Build.0 = Debug|Any CPU
		{E4D7380A-F7A3-46DB-A63F-93840930BF32}.Debug|x86.ActiveCfg = Debug|Any CPU
		{E4D7380A-F7A3-46DB-A63F-93840930BF32}.Debug|x86.Build.0 = Debug|Any CPU
		{E4D7380A-F7A3-46DB-A63F-93840930BF32}.Release|Any CPU.ActiveCfg = Release|Any CPU
		{E4D7380A-F7A3-46DB-A63F-93840930BF32}.Release|Any CPU.Build.0 = Release|Any CPU
		{E4D7380A-F7A3-46DB-A63F-93840930BF32}.Release|x64.ActiveCfg = Release|Any CPU
		{E4D7380A-F7A3-46DB-A63F-93840930BF32}.Release|x64.Build.0 = Release|Any CPU
		{E4D7380A-F7A3-46DB-A63F-93840930BF32}.Release|x86.ActiveCfg = Release|Any CPU
		{E4D7380A-F7A3-46DB-A63F-93840930BF32}.Release|x86.Build.0 = Release|Any CPU
		{720E064B-6731-41BD-9B26-A4E15637FD56}.Debug|Any CPU.ActiveCfg = Debug|Any CPU
		{720E064B-6731-41BD-9B26-A4E15637FD56}.Debug|Any CPU.Build.0 = Debug|Any CPU
		{720E064B-6731-41BD-9B26-A4E15637FD56}.Debug|x64.ActiveCfg = Debug|Any CPU
		{720E064B-6731-41BD-9B26-A4E15637FD56}.Debug|x64.Build.0 = Debug|Any CPU
		{720E064B-6731-41BD-9B26-A4E15637FD56}.Debug|x86.ActiveCfg = Debug|Any CPU
		{720E064B-6731-41BD-9B26-A4E15637FD56}.Debug|x86.Build.0 = Debug|Any CPU
		{720E064B-6731-41BD-9B26-A4E15637FD56}.Release|Any CPU.ActiveCfg = Release|Any CPU
		{720E064B-6731-41BD-9B26-A4E15637FD56}.Release|Any CPU.Build.0 = Release|Any CPU
		{720E064B-6731-41BD-9B26-A4E15637FD56}.Release|x64.ActiveCfg = Release|Any CPU
		{720E064B-6731-41BD-9B26-A4E15637FD56}.Release|x64.Build.0 = Release|Any CPU
		{720E064B-6731-41BD-9B26-A4E15637FD56}.Release|x86.ActiveCfg = Release|Any CPU
		{720E064B-6731-41BD-9B26-A4E15637FD56}.Release|x86.Build.0 = Release|Any CPU
	EndGlobalSection
	GlobalSection(SolutionProperties) = preSolution
		HideSolutionNode = FALSE
	EndGlobalSection
EndGlobal
